{
  "name": "domain-check",
  "version": "1.0.0",
  "lockfileVersion": 1,
  "requires": true,
  "dependencies": {
    "async": {
      "version": "2.6.0",
      "resolved": "https://registry.npmjs.org/async/-/async-2.6.0.tgz",
      "integrity": "sha512-xAfGg1/NTLBBKlHFmnd7PlmUW9KhVQIUuSrYem9xzFUZy13ScvtyGGejaae9iAVRiRq9+Cx7DPFaAAhCpyxyPw==",
      "requires": {
        "lodash": "4.17.4"
      }
    },
    "async-each": {
      "version": "1.0.1",
      "resolved": "https://registry.npmjs.org/async-each/-/async-each-1.0.1.tgz",
      "integrity": "sha1-GdOGodntxufByF04iu28xW0zYC0="
    },
    "ip": {
      "version": "1.1.5",
      "resolved": "https://registry.npmjs.org/ip/-/ip-1.1.5.tgz",
      "integrity": "sha1-vd7XARQpCCjAoDnnLvJfWq7ENUo="
    },
    "limiter": {
      "version": "1.1.2",
      "resolved": "https://registry.npmjs.org/limiter/-/limiter-1.1.2.tgz",
      "integrity": "sha512-JIKZ0xb6fZZYa3deZ0BgXCgX6HgV8Nx3mFGeFHmFWW8Fb2c08e0CyE+G3nalpD0xGvGssjGb1UdFr+PprxZEbw=="
    },
    "line-reader": {
      "version": "0.4.0",
      "resolved": "https://registry.npmjs.org/line-reader/-/line-reader-0.4.0.tgz",
      "integrity": "sha1-F+RIGNoKwzVnW6MAlU+U72cOZv0="
    },
    "lodash": {
      "version": "4.17.4",
      "resolved": "https://registry.npmjs.org/lodash/-/lodash-4.17.4.tgz",
      "integrity": "sha1-eCA6TRwyiuHYbcpkYONptX9AVa4="
    },
    "minimist": {
      "version": "0.0.10",
      "resolved": "https://registry.npmjs.org/minimist/-/minimist-0.0.10.tgz",
      "integrity": "sha1-3j+YVD2/lggr5IrRoMfNqDYwHc8="
    },
    "optimist": {
      "version": "0.6.1",
      "resolved": "https://registry.npmjs.org/optimist/-/optimist-0.6.1.tgz",
      "integrity": "sha1-2j6nRob6IaGaERwybpDrFaAZZoY=",
      "requires": {
        "minimist": "0.0.10",
        "wordwrap": "0.0.3"
      }
    },
    "smart-buffer": {
      "version": "1.1.15",
      "resolved": "https://registry.npmjs.org/smart-buffer/-/smart-buffer-1.1.15.tgz",
      "integrity": "sha1-fxFLW2X6s+KjWqd1uxLw0cZJvxY="
    },
    "socks": {
      "version": "1.1.10",
      "resolved": "https://registry.npmjs.org/socks/-/socks-1.1.10.tgz",
      "integrity": "sha1-W4t/x8jzQcU+0FbpKbe/Tei6e1o=",
      "requires": {
        "ip": "1.1.5",
        "smart-buffer": "1.1.15"
      }
    },
    "underscore": {
      "version": "1.8.3",
      "resolved": "https://registry.npmjs.org/underscore/-/underscore-1.8.3.tgz",
      "integrity": "sha1-Tz+1OxBuYJf8+ctBCfKl6b36UCI="
    },
    "whois": {
      "version": "2.5.7",
      "resolved": "https://registry.npmjs.org/whois/-/whois-2.5.7.tgz",
      "integrity": "sha512-824NUtiy/S7n/gBODss+6l6hFiUs+G25acU35fSu0QI8hHCo1m2p+r57yzfJpW/v83oSO59Jms+4BikodtPcIQ==",
      "requires": {
        "optimist": "0.6.1",
        "socks": "1.1.10",
        "underscore": "1.8.3"
      }
    },
    "whois-json": {
      "version": "1.2.2",
      "resolved": "https://registry.npmjs.org/whois-json/-/whois-json-1.2.2.tgz",
      "integrity": "sha1-MHjn+xfB4URZX+D4P/muStDXDMQ=",
      "requires": {
        "change-case": "https://registry.npmjs.org/change-case/-/change-case-2.3.0.tgz",
        "node-whois": "2.1.0"
      },
      "dependencies": {
        "change-case": {
          "version": "https://registry.npmjs.org/change-case/-/change-case-2.3.0.tgz",
          "integrity": "sha1-PXwE6J3+gRmDHr+FnJ45VYI1qFU=",
          "requires": {
            "camel-case": "1.1.1",
            "constant-case": "1.1.0",
            "dot-case": "1.1.1",
            "is-lower-case": "1.1.1",
            "is-upper-case": "1.1.1",
            "lower-case": "1.1.2",
            "lower-case-first": "1.0.0",
            "param-case": "1.1.1",
            "pascal-case": "1.1.0",
            "path-case": "1.1.1",
            "sentence-case": "1.1.2",
            "snake-case": "1.1.1",
            "swap-case": "1.1.0",
            "title-case": "1.1.0",
            "upper-case": "1.1.2",
            "upper-case-first": "1.1.1"
          },
          "dependencies": {
            "camel-case": {
              "version": "1.1.1",
              "resolved": "https://registry.npmjs.org/camel-case/-/camel-case-1.1.1.tgz",
              "integrity": "sha1-ADXdePJKxMUw0TS3Jsw5tseZTDQ=",
              "requires": {
                "sentence-case": "1.1.2",
                "upper-case": "1.1.2"
              }
            },
            "constant-case": {
              "version": "1.1.0",
              "resolved": "https://registry.npmjs.org/constant-case/-/constant-case-1.1.0.tgz",
              "integrity": "sha1-dTe4G0oTRzRF9dhYGBdp3g54VPo=",
              "requires": {
                "snake-case": "1.1.1",
                "upper-case": "1.1.2"
              }
            },
            "dot-case": {
              "version": "1.1.1",
              "resolved": "https://registry.npmjs.org/dot-case/-/dot-case-1.1.1.tgz",
              "integrity": "sha1-nBg+eqD6yM23HFXbeDQKqAXwHXE=",
              "requires": {
                "sentence-case": "1.1.2"
              }
            },
            "is-lower-case": {
              "version": "1.1.1",
              "resolved": "https://registry.npmjs.org/is-lower-case/-/is-lower-case-1.1.1.tgz",
              "integrity": "sha1-otQKqpU/XuPxvz4HXy6DrFetVHw=",
              "requires": {
                "lower-case": "1.1.2"
              }
            },
            "is-upper-case": {
              "version": "1.1.1",
              "resolved": "https://registry.npmjs.org/is-upper-case/-/is-upper-case-1.1.1.tgz",
              "integrity": "sha1-k8BKbjktduhT/4ikoS7+lRHfIts=",
              "requires": {
                "upper-case": "1.1.2"
              }
            },
            "lower-case": {
              "version": "1.1.2",
              "resolved": "https://registry.npmjs.org/lower-case/-/lower-case-1.1.2.tgz",
              "integrity": "sha1-AlaKR1WUkvvgpZ44XtSUgzzoyoo="
            },
            "lower-case-first": {
              "version": "1.0.0",
              "resolved": "https://registry.npmjs.org/lower-case-first/-/lower-case-first-1.0.0.tgz",
              "integrity": "sha1-ofYm9MP9+rOGSNgGoH6oqnU6qGo=",
              "requires": {
                "lower-case": "1.1.2"
              }
            },
            "param-case": {
              "version": "1.1.1",
              "resolved": "https://registry.npmjs.org/param-case/-/param-case-1.1.1.tgz",
              "integrity": "sha1-7lvnHdt/XJMt19wJuRp3cw6sVg0=",
              "requires": {
                "sentence-case": "1.1.2"
              }
            },
            "pascal-case": {
              "version": "1.1.0",
              "resolved": "https://registry.npmjs.org/pascal-case/-/pascal-case-1.1.0.tgz",
              "integrity": "sha1-wqHPBsAt3mhkuDDmPfhq9xnU9gc=",
              "requires": {
                "camel-case": "1.1.1",
                "upper-case-first": "1.1.1"
              }
            },
            "path-case": {
              "version": "1.1.1",
              "resolved": "https://registry.npmjs.org/path-case/-/path-case-1.1.1.tgz",
              "integrity": "sha1-+8gdWdMX6VFX/t7psiSjKKy2j/4=",
              "requires": {
                "sentence-case": "1.1.2"
              }
            },
            "sentence-case": {
              "version": "1.1.2",
              "resolved": "https://registry.npmjs.org/sentence-case/-/sentence-case-1.1.2.tgz",
              "integrity": "sha1-GZSOc/PjsYzTQ03VLedahhghlPk=",
              "requires": {
                "lower-case": "1.1.2"
              }
            },
            "snake-case": {
              "version": "1.1.1",
              "resolved": "https://registry.npmjs.org/snake-case/-/snake-case-1.1.1.tgz",
              "integrity": "sha1-4h1ovPBVd2FAWO//U+nUYMxGluI=",
              "requires": {
                "sentence-case": "1.1.2"
              }
            },
            "swap-case": {
              "version": "1.1.0",
              "resolved": "https://registry.npmjs.org/swap-case/-/swap-case-1.1.0.tgz",
              "integrity": "sha1-bmvEUx1WtqsPfvB7K3yYFgObNUc=",
              "requires": {
                "lower-case": "1.1.2",
                "upper-case": "1.1.2"
              }
            },
            "title-case": {
              "version": "1.1.0",
              "resolved": "https://registry.npmjs.org/title-case/-/title-case-1.1.0.tgz",
              "integrity": "sha1-thXXJnhmZC20LQImeQBQi+WrJSs=",
              "requires": {
                "sentence-case": "1.1.2",
                "upper-case": "1.1.2"
              }
            },
            "upper-case": {
              "version": "1.1.2",
              "resolved": "https://registry.npmjs.org/upper-case/-/upper-case-1.1.2.tgz",
              "integrity": "sha1-GJc/Vmhggx1WF3JO/VwbFc/SbTY="
            },
            "upper-case-first": {
              "version": "1.1.1",
              "resolved": "https://registry.npmjs.org/upper-case-first/-/upper-case-first-1.1.1.tgz",
              "integrity": "sha1-f6e3DaD7aD4IHmh+KPM+w7NJwEs=",
              "requires": {
                "upper-case": "1.1.2"
              }
            }
          }
        },
        "node-whois": {
          "version": "2.1.0",
          "resolved": "https://registry.npmjs.org/node-whois/-/node-whois-2.1.0.tgz",
          "integrity": "sha1-B9PNJBmtvTeLglixevw5OmU8vH8=",
          "requires": {
            "optimist": "0.6.1",
            "underscore": "1.5.2"
          },
          "dependencies": {
            "optimist": {
              "version": "0.6.1",
              "resolved": "https://registry.npmjs.org/optimist/-/optimist-0.6.1.tgz",
              "integrity": "sha1-2j6nRob6IaGaERwybpDrFaAZZoY=",
              "requires": {
                "minimist": "0.0.10",
                "wordwrap": "0.0.2"
              },
              "dependencies": {
                "minimist": {
                  "version": "0.0.10",
                  "resolved": "https://registry.npmjs.org/minimist/-/minimist-0.0.10.tgz",
                  "integrity": "sha1-3j+YVD2/lggr5IrRoMfNqDYwHc8="
                },
                "wordwrap": {
                  "version": "0.0.2",
                  "resolved": "https://registry.npmjs.org/wordwrap/-/wordwrap-0.0.2.tgz",
                  "integrity": "sha1-t5Zpu0LstAn4PVg8rVLKF+qhZD8="
                }
              }
            },
            "underscore": {
              "version": "1.5.2",
              "resolved": "https://registry.npmjs.org/underscore/-/underscore-1.5.2.tgz",
              "integrity": "sha1-EzXF5PXm0zu7SwBrqMhqAPVW3gg="
            }
          }
        }
      }
    },
    "wordwrap": {
      "version": "0.0.3",
      "resolved": "https://registry.npmjs.org/wordwrap/-/wordwrap-0.0.3.tgz",
      "integrity": "sha1-o9XabNXAvAAI03I0u68b7WMFkQc="
    }
  }
}
